// !$*UTF8*$!
{
	archiveVersion = 1;
	classes = {
	};
	objectVersion = 55;
	objects = {

/* Begin PBXBuildFile section */
		A7A4D9D1271065F90089502E /* AppDelegate.swift in Sources */ = {isa = PBXBuildFile; fileRef = A7A4D9D0271065F90089502E /* AppDelegate.swift */; };
		A7A4D9D3271065F90089502E /* SceneDelegate.swift in Sources */ = {isa = PBXBuildFile; fileRef = A7A4D9D2271065F90089502E /* SceneDelegate.swift */; };
		A7A4D9D5271065F90089502E /* ViewController.swift in Sources */ = {isa = PBXBuildFile; fileRef = A7A4D9D4271065F90089502E /* ViewController.swift */; };
		A7A4D9D8271065F90089502E /* Main.storyboard in Resources */ = {isa = PBXBuildFile; fileRef = A7A4D9D6271065F90089502E /* Main.storyboard */; };
		A7A4D9DA271065F90089502E /* Assets.xcassets in Resources */ = {isa = PBXBuildFile; fileRef = A7A4D9D9271065F90089502E /* Assets.xcassets */; };
		A7A4D9DD271065F90089502E /* LaunchScreen.storyboard in Resources */ = {isa = PBXBuildFile; fileRef = A7A4D9DB271065F90089502E /* LaunchScreen.storyboard */; };
		A7A4D9E8271065FA0089502E /* BookApiGoogleTests.swift in Sources */ = {isa = PBXBuildFile; fileRef = A7A4D9E7271065FA0089502E /* BookApiGoogleTests.swift */; };
		A7A4D9F2271065FA0089502E /* BookApiGoogleUITests.swift in Sources */ = {isa = PBXBuildFile; fileRef = A7A4D9F1271065FA0089502E /* BookApiGoogleUITests.swift */; };
		A7A4D9F4271065FA0089502E /* BookApiGoogleUITestsLaunchTests.swift in Sources */ = {isa = PBXBuildFile; fileRef = A7A4D9F3271065FA0089502E /* BookApiGoogleUITestsLaunchTests.swift */; };
/* End PBXBuildFile section */

/* Begin PBXContainerItemProxy section */
		A7A4D9E4271065FA0089502E /* PBXContainerItemProxy */ = {
			isa = PBXContainerItemProxy;
			containerPortal = A7A4D9C5271065F90089502E /* Project object */;
			proxyType = 1;
			remoteGlobalIDString = A7A4D9CC271065F90089502E;
			remoteInfo = BookApiGoogle;
		};
		A7A4D9EE271065FA0089502E /* PBXContainerItemProxy */ = {
			isa = PBXContainerItemProxy;
			containerPortal = A7A4D9C5271065F90089502E /* Project object */;
			proxyType = 1;
			remoteGlobalIDString = A7A4D9CC271065F90089502E;
			remoteInfo = BookApiGoogle;
		};
/* End PBXContainerItemProxy section */

/* Begin PBXFileReference section */
		A7A4D9CD271065F90089502E /* BookApiGoogle.app */ = {isa = PBXFileReference; explicitFileType = wrapper.application; includeInIndex = 0; path = BookApiGoogle.app; sourceTree = BUILT_PRODUCTS_DIR; };
		A7A4D9D0271065F90089502E /* AppDelegate.swift */ = {isa = PBXFileReference; lastKnownFileType = sourcecode.swift; path = AppDelegate.swift; sourceTree = "<group>"; };
		A7A4D9D2271065F90089502E /* SceneDelegate.swift */ = {isa = PBXFileReference; lastKnownFileType = sourcecode.swift; path = SceneDelegate.swift; sourceTree = "<group>"; };
		A7A4D9D4271065F90089502E /* ViewController.swift */ = {isa = PBXFileReference; lastKnownFileType = sourcecode.swift; path = ViewController.swift; sourceTree = "<group>"; };
		A7A4D9D7271065F90089502E /* Base */ = {isa = PBXFileReference; lastKnownFileType = file.storyboard; name = Base; path = Base.lproj/Main.storyboard; sourceTree = "<group>"; };
		A7A4D9D9271065F90089502E /* Assets.xcassets */ = {isa = PBXFileReference; lastKnownFileType = folder.assetcatalog; path = Assets.xcassets; sourceTree = "<group>"; };
		A7A4D9DC271065F90089502E /* Base */ = {isa = PBXFileReference; lastKnownFileType = file.storyboard; name = Base; path = Base.lproj/LaunchScreen.storyboard; sourceTree = "<group>"; };
		A7A4D9DE271065F90089502E /* Info.plist */ = {isa = PBXFileReference; lastKnownFileType = text.plist.xml; path = Info.plist; sourceTree = "<group>"; };
		A7A4D9E3271065FA0089502E /* BookApiGoogleTests.xctest */ = {isa = PBXFileReference; explicitFileType = wrapper.cfbundle; includeInIndex = 0; path = BookApiGoogleTests.xctest; sourceTree = BUILT_PRODUCTS_DIR; };
		A7A4D9E7271065FA0089502E /* BookApiGoogleTests.swift */ = {isa = PBXFileReference; lastKnownFileType = sourcecode.swift; path = BookApiGoogleTests.swift; sourceTree = "<group>"; };
		A7A4D9ED271065FA0089502E /* BookApiGoogleUITests.xctest */ = {isa = PBXFileReference; explicitFileType = wrapper.cfbundle; includeInIndex = 0; path = BookApiGoogleUITests.xctest; sourceTree = BUILT_PRODUCTS_DIR; };
		A7A4D9F1271065FA0089502E /* BookApiGoogleUITests.swift */ = {isa = PBXFileReference; lastKnownFileType = sourcecode.swift; path = BookApiGoogleUITests.swift; sourceTree = "<group>"; };
		A7A4D9F3271065FA0089502E /* BookApiGoogleUITestsLaunchTests.swift */ = {isa = PBXFileReference; lastKnownFileType = sourcecode.swift; path = BookApiGoogleUITestsLaunchTests.swift; sourceTree = "<group>"; };
/* End PBXFileReference section */

/* Begin PBXFrameworksBuildPhase section */
		A7A4D9CA271065F90089502E /* Frameworks */ = {
			isa = PBXFrameworksBuildPhase;
			buildActionMask = 2147483647;
			files = (
			);
			runOnlyForDeploymentPostprocessing = 0;
		};
		A7A4D9E0271065FA0089502E /* Frameworks */ = {
			isa = PBXFrameworksBuildPhase;
			buildActionMask = 2147483647;
			files = (
			);
			runOnlyForDeploymentPostprocessing = 0;
		};
		A7A4D9EA271065FA0089502E /* Frameworks */ = {
			isa = PBXFrameworksBuildPhase;
			buildActionMask = 2147483647;
			files = (
			);
			runOnlyForDeploymentPostprocessing = 0;
		};
/* End PBXFrameworksBuildPhase section */

/* Begin PBXGroup section */
		A7A4D9C4271065F90089502E = {
			isa = PBXGroup;
			children = (
				A7A4D9CF271065F90089502E /* BookApiGoogle */,
				A7A4D9E6271065FA0089502E /* BookApiGoogleTests */,
				A7A4D9F0271065FA0089502E /* BookApiGoogleUITests */,
				A7A4D9CE271065F90089502E /* Products */,
			);
			sourceTree = "<group>";
		};
		A7A4D9CE271065F90089502E /* Products */ = {
			isa = PBXGroup;
			children = (
				A7A4D9CD271065F90089502E /* BookApiGoogle.app */,
				A7A4D9E3271065FA0089502E /* BookApiGoogleTests.xctest */,
				A7A4D9ED271065FA0089502E /* BookApiGoogleUITests.xctest */,
			);
			name = Products;
			sourceTree = "<group>";
		};
		A7A4D9CF271065F90089502E /* BookApiGoogle */ = {
			isa = PBXGroup;
			children = (
				A7A4D9D0271065F90089502E /* AppDelegate.swift */,
				A7A4D9D2271065F90089502E /* SceneDelegate.swift */,
				A7A4D9D4271065F90089502E /* ViewController.swift */,
				A7A4D9D6271065F90089502E /* Main.storyboard */,
				A7A4D9D9271065F90089502E /* Assets.xcassets */,
				A7A4D9DB271065F90089502E /* LaunchScreen.storyboard */,
				A7A4D9DE271065F90089502E /* Info.plist */,
			);
			path = BookApiGoogle;
			sourceTree = "<group>";
		};
		A7A4D9E6271065FA0089502E /* BookApiGoogleTests */ = {
			isa = PBXGroup;
			children = (
				A7A4D9E7271065FA0089502E /* BookApiGoogleTests.swift */,
			);
			path = BookApiGoogleTests;
			sourceTree = "<group>";
		};
		A7A4D9F0271065FA0089502E /* BookApiGoogleUITests */ = {
			isa = PBXGroup;
			children = (
				A7A4D9F1271065FA0089502E /* BookApiGoogleUITests.swift */,
				A7A4D9F3271065FA0089502E /* BookApiGoogleUITestsLaunchTests.swift */,
			);
			path = BookApiGoogleUITests;
			sourceTree = "<group>";
		};
/* End PBXGroup section */

/* Begin PBXNativeTarget section */
		A7A4D9CC271065F90089502E /* BookApiGoogle */ = {
			isa = PBXNativeTarget;
			buildConfigurationList = A7A4D9F7271065FA0089502E /* Build configuration list for PBXNativeTarget "BookApiGoogle" */;
			buildPhases = (
				A7A4D9C9271065F90089502E /* Sources */,
				A7A4D9CA271065F90089502E /* Frameworks */,
				A7A4D9CB271065F90089502E /* Resources */,
			);
			buildRules = (
			);
			dependencies = (
			);
			name = BookApiGoogle;
			productName = BookApiGoogle;
			productReference = A7A4D9CD271065F90089502E /* BookApiGoogle.app */;
			productType = "com.apple.product-type.application";
		};
		A7A4D9E2271065FA0089502E /* BookApiGoogleTests */ = {
			isa = PBXNativeTarget;
			buildConfigurationList = A7A4D9FA271065FA0089502E /* Build configuration list for PBXNativeTarget "BookApiGoogleTests" */;
			buildPhases = (
				A7A4D9DF271065FA0089502E /* Sources */,
				A7A4D9E0271065FA0089502E /* Frameworks */,
				A7A4D9E1271065FA0089502E /* Resources */,
			);
			buildRules = (
			);
			dependencies = (
				A7A4D9E5271065FA0089502E /* PBXTargetDependency */,
			);
			name = BookApiGoogleTests;
			productName = BookApiGoogleTests;
			productReference = A7A4D9E3271065FA0089502E /* BookApiGoogleTests.xctest */;
			productType = "com.apple.product-type.bundle.unit-test";
		};
		A7A4D9EC271065FA0089502E /* BookApiGoogleUITests */ = {
			isa = PBXNativeTarget;
			buildConfigurationList = A7A4D9FD271065FA0089502E /* Build configuration list for PBXNativeTarget "BookApiGoogleUITests" */;
			buildPhases = (
				A7A4D9E9271065FA0089502E /* Sources */,
				A7A4D9EA271065FA0089502E /* Frameworks */,
				A7A4D9EB271065FA0089502E /* Resources */,
			);
			buildRules = (
			);
			dependencies = (
				A7A4D9EF271065FA0089502E /* PBXTargetDependency */,
			);
			name = BookApiGoogleUITests;
			productName = BookApiGoogleUITests;
			productReference = A7A4D9ED271065FA0089502E /* BookApiGoogleUITests.xctest */;
			productType = "com.apple.product-type.bundle.ui-testing";
		};
/* End PBXNativeTarget section */

/* Begin PBXProject section */
		A7A4D9C5271065F90089502E /* Project object */ = {
			isa = PBXProject;
			attributes = {
				BuildIndependentTargetsInParallel = 1;
				LastSwiftUpdateCheck = 1300;
				LastUpgradeCheck = 1300;
				TargetAttributes = {
					A7A4D9CC271065F90089502E = {
						CreatedOnToolsVersion = 13.0;
					};
					A7A4D9E2271065FA0089502E = {
						CreatedOnToolsVersion = 13.0;
						TestTargetID = A7A4D9CC271065F90089502E;
					};
					A7A4D9EC271065FA0089502E = {
						CreatedOnToolsVersion = 13.0;
						TestTargetID = A7A4D9CC271065F90089502E;
					};
				};
			};
			buildConfigurationList = A7A4D9C8271065F90089502E /* Build configuration list for PBXProject "BookApiGoogle" */;
			compatibilityVersion = "Xcode 13.0";
			developmentRegion = en;
			hasScannedForEncodings = 0;
			knownRegions = (
				en,
				Base,
			);
			mainGroup = A7A4D9C4271065F90089502E;
			productRefGroup = A7A4D9CE271065F90089502E /* Products */;
			projectDirPath = "";
			projectRoot = "";
			targets = (
				A7A4D9CC271065F90089502E /* BookApiGoogle */,
				A7A4D9E2271065FA0089502E /* BookApiGoogleTests */,
				A7A4D9EC271065FA0089502E /* BookApiGoogleUITests */,
			);
		};
/* End PBXProject section */

/* Begin PBXResourcesBuildPhase section */
		A7A4D9CB271065F90089502E /* Resources */ = {
			isa = PBXResourcesBuildPhase;
			buildActionMask = 2147483647;
			files = (
				A7A4D9DD271065F90089502E /* LaunchScreen.storyboard in Resources */,
				A7A4D9DA271065F90089502E /* Assets.xcassets in Resources */,
				A7A4D9D8271065F90089502E /* Main.storyboard in Resources */,
			);
			runOnlyForDeploymentPostprocessing = 0;
		};
		A7A4D9E1271065FA0089502E /* Resources */ = {
			isa = PBXResourcesBuildPhase;
			buildActionMask = 2147483647;
			files = (
			);
			runOnlyForDeploymentPostprocessing = 0;
		};
		A7A4D9EB271065FA0089502E /* Resources */ = {
			isa = PBXResourcesBuildPhase;
			buildActionMask = 2147483647;
			files = (
			);
			runOnlyForDeploymentPostprocessing = 0;
		};
/* End PBXResourcesBuildPhase section */

/* Begin PBXSourcesBuildPhase section */
		A7A4D9C9271065F90089502E /* Sources */ = {
			isa = PBXSourcesBuildPhase;
			buildActionMask = 2147483647;
			files = (
				A7A4D9D5271065F90089502E /* ViewController.swift in Sources */,
				A7A4D9D1271065F90089502E /* AppDelegate.swift in Sources */,
				A7A4D9D3271065F90089502E /* SceneDelegate.swift in Sources */,
			);
			runOnlyForDeploymentPostprocessing = 0;
		};
		A7A4D9DF271065FA0089502E /* Sources */ = {
			isa = PBXSourcesBuildPhase;
			buildActionMask = 2147483647;
			files = (
				A7A4D9E8271065FA0089502E /* BookApiGoogleTests.swift in Sources */,
			);
			runOnlyForDeploymentPostprocessing = 0;
		};
		A7A4D9E9271065FA0089502E /* Sources */ = {
			isa = PBXSourcesBuildPhase;
			buildActionMask = 2147483647;
			files = (
				A7A4D9F2271065FA0089502E /* BookApiGoogleUITests.swift in Sources */,
				A7A4D9F4271065FA0089502E /* BookApiGoogleUITestsLaunchTests.swift in Sources */,
			);
			runOnlyForDeploymentPostprocessing = 0;
		};
/* End PBXSourcesBuildPhase section */

/* Begin PBXTargetDependency section */
		A7A4D9E5271065FA0089502E /* PBXTargetDependency */ = {
			isa = PBXTargetDependency;
			target = A7A4D9CC271065F90089502E /* BookApiGoogle */;
			targetProxy = A7A4D9E4271065FA0089502E /* PBXContainerItemProxy */;
		};
		A7A4D9EF271065FA0089502E /* PBXTargetDependency */ = {
			isa = PBXTargetDependency;
			target = A7A4D9CC271065F90089502E /* BookApiGoogle */;
			targetProxy = A7A4D9EE271065FA0089502E /* PBXContainerItemProxy */;
		};
/* End PBXTargetDependency section */

/* Begin PBXVariantGroup section */
		A7A4D9D6271065F90089502E /* Main.storyboard */ = {
			isa = PBXVariantGroup;
			children = (
				A7A4D9D7271065F90089502E /* Base */,
			);
			name = Main.storyboard;
			sourceTree = "<group>";
		};
		A7A4D9DB271065F90089502E /* LaunchScreen.storyboard */ = {
			isa = PBXVariantGroup;
			children = (
				A7A4D9DC271065F90089502E /* Base */,
			);
			name = LaunchScreen.storyboard;
			sourceTree = "<group>";
		};
/* End PBXVariantGroup section */

/* Begin XCBuildConfiguration section */
		A7A4D9F5271065FA0089502E /* Debug */ = {
			isa = XCBuildConfiguration;
			buildSettings = {
				ALWAYS_SEARCH_USER_PATHS = NO;
				CLANG_ANALYZER_NONNULL = YES;
				CLANG_ANALYZER_NUMBER_OBJECT_CONVERSION = YES_AGGRESSIVE;
				CLANG_CXX_LANGUAGE_STANDARD = "gnu++17";
				CLANG_CXX_LIBRARY = "libc++";
				CLANG_ENABLE_MODULES = YES;
				CLANG_ENABLE_OBJC_ARC = YES;
				CLANG_ENABLE_OBJC_WEAK = YES;
				CLANG_WARN_BLOCK_CAPTURE_AUTORELEASING = YES;
				CLANG_WARN_BOOL_CONVERSION = YES;
				CLANG_WARN_COMMA = YES;
				CLANG_WARN_CONSTANT_CONVERSION = YES;
				CLANG_WARN_DEPRECATED_OBJC_IMPLEMENTATIONS = YES;
				CLANG_WARN_DIRECT_OBJC_ISA_USAGE = YES_ERROR;
				CLANG_WARN_DOCUMENTATION_COMMENTS = YES;
				CLANG_WARN_EMPTY_BODY = YES;
				CLANG_WARN_ENUM_CONVERSION = YES;
				CLANG_WARN_INFINITE_RECURSION = YES;
				CLANG_WARN_INT_CONVERSION = YES;
				CLANG_WARN_NON_LITERAL_NULL_CONVERSION = YES;
				CLANG_WARN_OBJC_IMPLICIT_RETAIN_SELF = YES;
				CLANG_WARN_OBJC_LITERAL_CONVERSION = YES;
				CLANG_WARN_OBJC_ROOT_CLASS = YES_ERROR;
				CLANG_WARN_QUOTED_INCLUDE_IN_FRAMEWORK_HEADER = YES;
				CLANG_WARN_RANGE_LOOP_ANALYSIS = YES;
				CLANG_WARN_STRICT_PROTOTYPES = YES;
				CLANG_WARN_SUSPICIOUS_MOVE = YES;
				CLANG_WARN_UNGUARDED_AVAILABILITY = YES_AGGRESSIVE;
				CLANG_WARN_UNREACHABLE_CODE = YES;
				CLANG_WARN__DUPLICATE_METHOD_MATCH = YES;
				COPY_PHASE_STRIP = NO;
				DEBUG_INFORMATION_FORMAT = dwarf;
				ENABLE_STRICT_OBJC_MSGSEND = YES;
				ENABLE_TESTABILITY = YES;
				GCC_C_LANGUAGE_STANDARD = gnu11;
				GCC_DYNAMIC_NO_PIC = NO;
				GCC_NO_COMMON_BLOCKS = YES;
				GCC_OPTIMIZATION_LEVEL = 0;
				GCC_PREPROCESSOR_DEFINITIONS = (
					"DEBUG=1",
					"$(inherited)",
				);
				GCC_WARN_64_TO_32_BIT_CONVERSION = YES;
				GCC_WARN_ABOUT_RETURN_TYPE = YES_ERROR;
				GCC_WARN_UNDECLARED_SELECTOR = YES;
				GCC_WARN_UNINITIALIZED_AUTOS = YES_AGGRESSIVE;
				GCC_WARN_UNUSED_FUNCTION = YES;
				GCC_WARN_UNUSED_VARIABLE = YES;
				IPHONEOS_DEPLOYMENT_TARGET = 15.0;
				MTL_ENABLE_DEBUG_INFO = INCLUDE_SOURCE;
				MTL_FAST_MATH = YES;
				ONLY_ACTIVE_ARCH = YES;
				SDKROOT = iphoneos;
				SWIFT_ACTIVE_COMPILATION_CONDITIONS = DEBUG;
				SWIFT_OPTIMIZATION_LEVEL = "-Onone";
			};
			name = Debug;
		};
		A7A4D9F6271065FA0089502E /* Release */ = {
			isa = XCBuildConfiguration;
			buildSettings = {
				ALWAYS_SEARCH_USER_PATHS = NO;
				CLANG_ANALYZER_NONNULL = YES;
				CLANG_ANALYZER_NUMBER_OBJECT_CONVERSION = YES_AGGRESSIVE;
				CLANG_CXX_LANGUAGE_STANDARD = "gnu++17";
				CLANG_CXX_LIBRARY = "libc++";
				CLANG_ENABLE_MODULES = YES;
				CLANG_ENABLE_OBJC_ARC = YES;
				CLANG_ENABLE_OBJC_WEAK = YES;
				CLANG_WARN_BLOCK_CAPTURE_AUTORELEASING = YES;
				CLANG_WARN_BOOL_CONVERSION = YES;
				CLANG_WARN_COMMA = YES;
				CLANG_WARN_CONSTANT_CONVERSION = YES;
				CLANG_WARN_DEPRECATED_OBJC_IMPLEMENTATIONS = YES;
				CLANG_WARN_DIRECT_OBJC_ISA_USAGE = YES_ERROR;
				CLANG_WARN_DOCUMENTATION_COMMENTS = YES;
				CLANG_WARN_EMPTY_BODY = YES;
				CLANG_WARN_ENUM_CONVERSION = YES;
				CLANG_WARN_INFINITE_RECURSION = YES;
				CLANG_WARN_INT_CONVERSION = YES;
				CLANG_WARN_NON_LITERAL_NULL_CONVERSION = YES;
				CLANG_WARN_OBJC_IMPLICIT_RETAIN_SELF = YES;
				CLANG_WARN_OBJC_LITERAL_CONVERSION = YES;
				CLANG_WARN_OBJC_ROOT_CLASS = YES_ERROR;
				CLANG_WARN_QUOTED_INCLUDE_IN_FRAMEWORK_HEADER = YES;
				CLANG_WARN_RANGE_LOOP_ANALYSIS = YES;
				CLANG_WARN_STRICT_PROTOTYPES = YES;
				CLANG_WARN_SUSPICIOUS_MOVE = YES;
				CLANG_WARN_UNGUARDED_AVAILABILITY = YES_AGGRESSIVE;
				CLANG_WARN_UNREACHABLE_CODE = YES;
				CLANG_WARN__DUPLICATE_METHOD_MATCH = YES;
				COPY_PHASE_STRIP = NO;
				DEBUG_INFORMATION_FORMAT = "dwarf-with-dsym";
				ENABLE_NS_ASSERTIONS = NO;
				ENABLE_STRICT_OBJC_MSGSEND = YES;
				GCC_C_LANGUAGE_STANDARD = gnu11;
				GCC_NO_COMMON_BLOCKS = YES;
				GCC_WARN_64_TO_32_BIT_CONVERSION = YES;
				GCC_WARN_ABOUT_RETURN_TYPE = YES_ERROR;
				GCC_WARN_UNDECLARED_SELECTOR = YES;
				GCC_WARN_UNINITIALIZED_AUTOS = YES_AGGRESSIVE;
				GCC_WARN_UNUSED_FUNCTION = YES;
				GCC_WARN_UNUSED_VARIABLE = YES;
				IPHONEOS_DEPLOYMENT_TARGET = 15.0;
				MTL_ENABLE_DEBUG_INFO = NO;
				MTL_FAST_MATH = YES;
				SDKROOT = iphoneos;
				SWIFT_COMPILATION_MODE = wholemodule;
				SWIFT_OPTIMIZATION_LEVEL = "-O";
				VALIDATE_PRODUCT = YES;
			};
			name = Release;
		};
		A7A4D9F8271065FA0089502E /* Debug */ = {
			isa = XCBuildConfiguration;
			buildSettings = {
				ASSETCATALOG_COMPILER_APPICON_NAME = AppIcon;
				ASSETCATALOG_COMPILER_GLOBAL_ACCENT_COLOR_NAME = AccentColor;
				CODE_SIGN_STYLE = Automatic;
				CURRENT_PROJECT_VERSION = 1;
				GENERATE_INFOPLIST_FILE = YES;
				INFOPLIST_FILE = BookApiGoogle/Info.plist;
				INFOPLIST_KEY_UIApplicationSupportsIndirectInputEvents = YES;
				INFOPLIST_KEY_UILaunchStoryboardName = LaunchScreen;
				INFOPLIST_KEY_UIMainStoryboardFile = Main;
				INFOPLIST_KEY_UISupportedInterfaceOrientations_iPad = "UIInterfaceOrientationPortrait UIInterfaceOrientationPortraitUpsideDown UIInterfaceOrientationLandscapeLeft UIInterfaceOrientationLandscapeRight";
				INFOPLIST_KEY_UISupportedInterfaceOrientations_iPhone = "UIInterfaceOrientationPortrait UIInterfaceOrientationLandscapeLeft UIInterfaceOrientationLandscapeRight";
				LD_RUNPATH_SEARCH_PATHS = (
					"$(inherited)",
					"@executable_path/Frameworks",
				);
				MARKETING_VERSION = 1.0;
				PRODUCT_BUNDLE_IDENTIFIER = com.dev.BookApiGoogle;
				PRODUCT_NAME = "$(TARGET_NAME)";
				SWIFT_EMIT_LOC_STRINGS = YES;
				SWIFT_VERSION = 5.0;
				TARGETED_DEVICE_FAMILY = "1,2";
			};
			name = Debug;
		};
		A7A4D9F9271065FA0089502E /* Release */ = {
			isa = XCBuildConfiguration;
			buildSettings = {
				ASSETCATALOG_COMPILER_APPICON_NAME = AppIcon;
				ASSETCATALOG_COMPILER_GLOBAL_ACCENT_COLOR_NAME = AccentColor;
				CODE_SIGN_STYLE = Automatic;
				CURRENT_PROJECT_VERSION = 1;
				GENERATE_INFOPLIST_FILE = YES;
				INFOPLIST_FILE = BookApiGoogle/Info.plist;
				INFOPLIST_KEY_UIApplicationSupportsIndirectInputEvents = YES;
				INFOPLIST_KEY_UILaunchStoryboardName = LaunchScreen;
				INFOPLIST_KEY_UIMainStoryboardFile = Main;
				INFOPLIST_KEY_UISupportedInterfaceOrientations_iPad = "UIInterfaceOrientationPortrait UIInterfaceOrientationPortraitUpsideDown UIInterfaceOrientationLandscapeLeft UIInterfaceOrientationLandscapeRight";
				INFOPLIST_KEY_UISupportedInterfaceOrientations_iPhone = "UIInterfaceOrientationPortrait UIInterfaceOrientationLandscapeLeft UIInterfaceOrientationLandscapeRight";
				LD_RUNPATH_SEARCH_PATHS = (
					"$(inherited)",
					"@executable_path/Frameworks",
				);
				MARKETING_VERSION = 1.0;
				PRODUCT_BUNDLE_IDENTIFIER = com.dev.BookApiGoogle;
				PRODUCT_NAME = "$(TARGET_NAME)";
				SWIFT_EMIT_LOC_STRINGS = YES;
				SWIFT_VERSION = 5.0;
				TARGETED_DEVICE_FAMILY = "1,2";
			};
			name = Release;
		};
		A7A4D9FB271065FA0089502E /* Debug */ = {
			isa = XCBuildConfiguration;
			buildSettings = {
				ALWAYS_EMBED_SWIFT_STANDARD_LIBRARIES = YES;
				BUNDLE_LOADER = "$(TEST_HOST)";
				CODE_SIGN_STYLE = Automatic;
				CURRENT_PROJECT_VERSION = 1;
				GENERATE_INFOPLIST_FILE = YES;
				IPHONEOS_DEPLOYMENT_TARGET = 15.0;
				LD_RUNPATH_SEARCH_PATHS = (
					"$(inherited)",
					"@executable_path/Frameworks",
					"@loader_path/Frameworks",
				);
				MARKETING_VERSION = 1.0;
				PRODUCT_BUNDLE_IDENTIFIER = com.dev.BookApiGoogleTests;
				PRODUCT_NAME = "$(TARGET_NAME)";
				SWIFT_EMIT_LOC_STRINGS = NO;
				SWIFT_VERSION = 5.0;
				TARGETED_DEVICE_FAMILY = "1,2";
				TEST_HOST = "$(BUILT_PRODUCTS_DIR)/BookApiGoogle.app/BookApiGoogle";
			};
			name = Debug;
		};
		A7A4D9FC271065FA0089502E /* Release */ = {
			isa = XCBuildConfiguration;
			buildSettings = {
				ALWAYS_EMBED_SWIFT_STANDARD_LIBRARIES = YES;
				BUNDLE_LOADER = "$(TEST_HOST)";
				CODE_SIGN_STYLE = Automatic;
				CURRENT_PROJECT_VERSION = 1;
				GENERATE_INFOPLIST_FILE = YES;
				IPHONEOS_DEPLOYMENT_TARGET = 15.0;
				LD_RUNPATH_SEARCH_PATHS = (
					"$(inherited)",
					"@executable_path/Frameworks",
					"@loader_path/Frameworks",
				);
				MARKETING_VERSION = 1.0;
				PRODUCT_BUNDLE_IDENTIFIER = com.dev.BookApiGoogleTests;
				PRODUCT_NAME = "$(TARGET_NAME)";
				SWIFT_EMIT_LOC_STRINGS = NO;
				SWIFT_VERSION = 5.0;
				TARGETED_DEVICE_FAMILY = "1,2";
				TEST_HOST = "$(BUILT_PRODUCTS_DIR)/BookApiGoogle.app/BookApiGoogle";
			};
			name = Release;
		};
		A7A4D9FE271065FA0089502E /* Debug */ = {
			isa = XCBuildConfiguration;
			buildSettings = {
				ALWAYS_EMBED_SWIFT_STANDARD_LIBRARIES = YES;
				CODE_SIGN_STYLE = Automatic;
				CURRENT_PROJECT_VERSION = 1;
				GENERATE_INFOPLIST_FILE = YES;
				LD_RUNPATH_SEARCH_PATHS = (
					"$(inherited)",
					"@executable_path/Frameworks",
					"@loader_path/Frameworks",
				);
				MARKETING_VERSION = 1.0;
				PRODUCT_BUNDLE_IDENTIFIER = com.dev.BookApiGoogleUITests;
				PRODUCT_NAME = "$(TARGET_NAME)";
				SWIFT_EMIT_LOC_STRINGS = NO;
				SWIFT_VERSION = 5.0;
				TARGETED_DEVICE_FAMILY = "1,2";
				TEST_TARGET_NAME = BookApiGoogle;
			};
			name = Debug;
		};
		A7A4D9FF271065FA0089502E /* Release */ = {
			isa = XCBuildConfiguration;
			buildSettings = {
				ALWAYS_EMBED_SWIFT_STANDARD_LIBRARIES = YES;
				CODE_SIGN_STYLE = Automatic;
				CURRENT_PROJECT_VERSION = 1;
				GENERATE_INFOPLIST_FILE = YES;
				LD_RUNPATH_SEARCH_PATHS = (
					"$(inherited)",
					"@executable_path/Frameworks",
					"@loader_path/Frameworks",
				);
				MARKETING_VERSION = 1.0;
				PRODUCT_BUNDLE_IDENTIFIER = com.dev.BookApiGoogleUITests;
				PRODUCT_NAME = "$(TARGET_NAME)";
				SWIFT_EMIT_LOC_STRINGS = NO;
				SWIFT_VERSION = 5.0;
				TARGETED_DEVICE_FAMILY = "1,2";
				TEST_TARGET_NAME = BookApiGoogle;
			};
			name = Release;
		};
/* End XCBuildConfiguration section */

/* Begin XCConfigurationList section */
		A7A4D9C8271065F90089502E /* Build configuration list for PBXProject "BookApiGoogle" */ = {
			isa = XCConfigurationList;
			buildConfigurations = (
				A7A4D9F5271065FA0089502E /* Debug */,
				A7A4D9F6271065FA0089502E /* Release */,
			);
			defaultConfigurationIsVisible = 0;
			defaultConfigurationName = Release;
		};
		A7A4D9F7271065FA0089502E /* Build configuration list for PBXNativeTarget "BookApiGoogle" */ = {
			isa = XCConfigurationList;
			buildConfigurations = (
				A7A4D9F8271065FA0089502E /* Debug */,
				A7A4D9F9271065FA0089502E /* Release */,
			);
			defaultConfigurationIsVisible = 0;
			defaultConfigurationName = Release;
		};
		A7A4D9FA271065FA0089502E /* Build configuration list for PBXNativeTarget "BookApiGoogleTests" */ = {
			isa = XCConfigurationList;
			buildConfigurations = (
				A7A4D9FB271065FA0089502E /* Debug */,
				A7A4D9FC271065FA0089502E /* Release */,
			);
			defaultConfigurationIsVisible = 0;
			defaultConfigurationName = Release;
		};
		A7A4D9FD271065FA0089502E /* Build configuration list for PBXNativeTarget "BookApiGoogleUITests" */ = {
			isa = XCConfigurationList;
			buildConfigurations = (
				A7A4D9FE271065FA0089502E /* Debug */,
				A7A4D9FF271065FA0089502E /* Release */,
			);
			defaultConfigurationIsVisible = 0;
			defaultConfigurationName = Release;
		};
/* End XCConfigurationList section */
	};
	rootObject = A7A4D9C5271065F90089502E /* Project object */;
}
